
Microsoft Visual Studio Solution File, Format Version 12.00
# Visual Studio Version 16
VisualStudioVersion = 16.0.31025.194
MinimumVisualStudioVersion = 10.0.40219.1
Project("{FAE04EC0-301F-11D3-BF4B-00C04F79EFBC}") = "PRAKTIKA_KS54_2", "PRAKTIKA_KS54_2\PRAKTIKA_KS54_2.csproj", "{42EBA1F5-62A8-43ED-8E7D-61441DE7AA90}"
EndProject
Global
	GlobalSection(SolutionConfigurationPlatforms) = preSolution
		Debug|Any CPU = Debug|Any CPU
		Release|Any CPU = Release|Any CPU
	EndGlobalSection
	GlobalSection(ProjectConfigurationPlatforms) = postSolution
		{42EBA1F5-62A8-43ED-8E7D-61441DE7AA90}.Debug|Any CPU.ActiveCfg = Debug|Any CPU
		{42EBA1F5-62A8-43ED-8E7D-61441DE7AA90}.Debug|Any CPU.Build.0 = Debug|Any CPU
		{42EBA1F5-62A8-43ED-8E7D-61441DE7AA90}.Release|Any CPU.ActiveCfg = Release|Any CPU
		{42EBA1F5-62A8-43ED-8E7D-61441DE7AA90}.Release|Any CPU.Build.0 = Release|Any CPU
	EndGlobalSection
	GlobalSection(SolutionProperties) = preSolution
		HideSolutionNode = FALSE
	EndGlobalSection
	GlobalSection(ExtensibilityGlobals) = postSolution
		SolutionGuid = {458D73BC-FCDE-458D-8EE6-67047DC57273}
	EndGlobalSection
EndGlobal
